PODS:
  - DynamicBlurView (4.1.0)
  - NMapsMap (3.9.0)
  - PopupDialog (1.1.1):
    - DynamicBlurView (~> 4.0)

DEPENDENCIES:
  - NMapsMap
  - PopupDialog (~> 1.1)

SPEC REPOS:
  trunk:
    - DynamicBlurView
    - NMapsMap
    - PopupDialog

SPEC CHECKSUMS:
  DynamicBlurView: 58e18fae80bb614e34681a4486870e7d257b62e8
  NMapsMap: 4ff6d7eee7aa5ca20d9006cf2c4cd1ed9d43b036
  PopupDialog: 720c92befd8bc23c13442254945213db5612f149

PODFILE CHECKSUM: c5e1f5e0c2fe6d276984762b0f4098bafa9e4d5f

COCOAPODS: 1.8.4
